
Microsoft Visual Studio Solution File, Format Version 12.00
# Visual Studio Version 17
VisualStudioVersion = 17.6.33801.468
MinimumVisualStudioVersion = 10.0.40219.1
Project("{2150E333-8FDC-42A3-9474-1A3956D46DE8}") = "Services", "Services", "{47651052-1C4B-46E2-A937-E41B8DDEA17C}"
EndProject
Project("{2150E333-8FDC-42A3-9474-1A3956D46DE8}") = "Catalog", "Catalog", "{4AE324C0-D551-4AD5-B313-6D30E9078E83}"
EndProject
Project("{9A19103F-16F7-4668-BE54-9A1E7A4F7556}") = "FreeCourse.Services.Catalog", "Services\Catalog\FreeCourse.Services.Catalog\FreeCourse.Services.Catalog.csproj", "{BC0D2BD3-9684-42DD-BCFF-BE3C4328FA6F}"
EndProject
Project("{2150E333-8FDC-42A3-9474-1A3956D46DE8}") = "Solution Items", "Solution Items", "{6D047994-7EC0-4BE6-97F3-3C828F4AB635}"
	ProjectSection(SolutionItems) = preProject
		Ports.txt = Ports.txt
	EndProjectSection
EndProject
Project("{2150E333-8FDC-42A3-9474-1A3956D46DE8}") = "Shared", "Shared", "{776DA009-C9D8-422A-BFF9-8940195B25B5}"
EndProject
Project("{9A19103F-16F7-4668-BE54-9A1E7A4F7556}") = "FreeCourse.Shared", "Shared\FreeCourse.Shared\FreeCourse.Shared.csproj", "{69BC3AFF-1736-4626-A32C-2AC9F453C352}"
EndProject
Project("{2150E333-8FDC-42A3-9474-1A3956D46DE8}") = "IdentıtyServer", "IdentıtyServer", "{770859F9-D689-43AF-8C47-E45C0CF820EF}"
EndProject
Project("{9A19103F-16F7-4668-BE54-9A1E7A4F7556}") = "FreeCourse.IdentıtyServer", "FreeCourse.IdentıtyServer\FreeCourse.IdentıtyServer.csproj", "{C5A0F233-8947-495D-9EB0-45DA82B56365}"
EndProject
Project("{2150E333-8FDC-42A3-9474-1A3956D46DE8}") = "IdentityServer_2", "IdentityServer_2", "{F7E67B6A-22F2-4C8A-A79C-C7372D1A7B07}"
EndProject
Project("{9A19103F-16F7-4668-BE54-9A1E7A4F7556}") = "FreeCourse.IdentityServer_2", "IdentityServer_2\FreeCourse.IdentityServer_2\FreeCourse.IdentityServer_2.csproj", "{34FA56B4-6295-4F8C-8C2F-563E41237B92}"
EndProject
Project("{2150E333-8FDC-42A3-9474-1A3956D46DE8}") = "PhotoStock", "PhotoStock", "{F14B35BF-6BA9-4E84-A842-4EF8A2A96641}"
EndProject
Project("{9A19103F-16F7-4668-BE54-9A1E7A4F7556}") = "FreeCourse.Services.PhotoStock", "Services\PhotoStock\FreeCourse.Services.PhotoStock\FreeCourse.Services.PhotoStock.csproj", "{A99AB484-09BD-4112-B81A-F2E655CD9E8B}"
EndProject
Project("{2150E333-8FDC-42A3-9474-1A3956D46DE8}") = "Basket", "Basket", "{FA89E650-0781-4FE4-85AE-ECB77458F512}"
EndProject
Project("{9A19103F-16F7-4668-BE54-9A1E7A4F7556}") = "FreeCourse.services.basket", "Services\Basket\FreeCourse.services.basket\FreeCourse.services.basket.csproj", "{D52B7F23-EE8B-4EFE-818C-7D024C795661}"
EndProject
Project("{2150E333-8FDC-42A3-9474-1A3956D46DE8}") = "Discount", "Discount", "{F1D7E9EB-DE05-4C85-BF4D-8D9C095C4808}"
EndProject
Project("{FAE04EC0-301F-11D3-BF4B-00C04F79EFBC}") = "FreeCourse.Services.Discount", "Services\Discount\FreeCourse.Services.Discount\FreeCourse.Services.Discount.csproj", "{5B50A4F9-FAF4-403D-8A60-29E3F6851613}"
EndProject
Global
	GlobalSection(SolutionConfigurationPlatforms) = preSolution
		Debug|Any CPU = Debug|Any CPU
		Release|Any CPU = Release|Any CPU
	EndGlobalSection
	GlobalSection(ProjectConfigurationPlatforms) = postSolution
		{BC0D2BD3-9684-42DD-BCFF-BE3C4328FA6F}.Debug|Any CPU.ActiveCfg = Debug|Any CPU
		{BC0D2BD3-9684-42DD-BCFF-BE3C4328FA6F}.Debug|Any CPU.Build.0 = Debug|Any CPU
		{BC0D2BD3-9684-42DD-BCFF-BE3C4328FA6F}.Release|Any CPU.ActiveCfg = Release|Any CPU
		{BC0D2BD3-9684-42DD-BCFF-BE3C4328FA6F}.Release|Any CPU.Build.0 = Release|Any CPU
		{69BC3AFF-1736-4626-A32C-2AC9F453C352}.Debug|Any CPU.ActiveCfg = Debug|Any CPU
		{69BC3AFF-1736-4626-A32C-2AC9F453C352}.Debug|Any CPU.Build.0 = Debug|Any CPU
		{69BC3AFF-1736-4626-A32C-2AC9F453C352}.Release|Any CPU.ActiveCfg = Release|Any CPU
		{69BC3AFF-1736-4626-A32C-2AC9F453C352}.Release|Any CPU.Build.0 = Release|Any CPU
		{C5A0F233-8947-495D-9EB0-45DA82B56365}.Debug|Any CPU.ActiveCfg = Debug|Any CPU
		{C5A0F233-8947-495D-9EB0-45DA82B56365}.Debug|Any CPU.Build.0 = Debug|Any CPU
		{C5A0F233-8947-495D-9EB0-45DA82B56365}.Release|Any CPU.ActiveCfg = Release|Any CPU
		{C5A0F233-8947-495D-9EB0-45DA82B56365}.Release|Any CPU.Build.0 = Release|Any CPU
		{34FA56B4-6295-4F8C-8C2F-563E41237B92}.Debug|Any CPU.ActiveCfg = Debug|Any CPU
		{34FA56B4-6295-4F8C-8C2F-563E41237B92}.Debug|Any CPU.Build.0 = Debug|Any CPU
		{34FA56B4-6295-4F8C-8C2F-563E41237B92}.Release|Any CPU.ActiveCfg = Release|Any CPU
		{34FA56B4-6295-4F8C-8C2F-563E41237B92}.Release|Any CPU.Build.0 = Release|Any CPU
		{A99AB484-09BD-4112-B81A-F2E655CD9E8B}.Debug|Any CPU.ActiveCfg = Debug|Any CPU
		{A99AB484-09BD-4112-B81A-F2E655CD9E8B}.Debug|Any CPU.Build.0 = Debug|Any CPU
		{A99AB484-09BD-4112-B81A-F2E655CD9E8B}.Release|Any CPU.ActiveCfg = Release|Any CPU
		{A99AB484-09BD-4112-B81A-F2E655CD9E8B}.Release|Any CPU.Build.0 = Release|Any CPU
		{D52B7F23-EE8B-4EFE-818C-7D024C795661}.Debug|Any CPU.ActiveCfg = Debug|Any CPU
		{D52B7F23-EE8B-4EFE-818C-7D024C795661}.Debug|Any CPU.Build.0 = Debug|Any CPU
		{D52B7F23-EE8B-4EFE-818C-7D024C795661}.Release|Any CPU.ActiveCfg = Release|Any CPU
		{D52B7F23-EE8B-4EFE-818C-7D024C795661}.Release|Any CPU.Build.0 = Release|Any CPU
		{5B50A4F9-FAF4-403D-8A60-29E3F6851613}.Debug|Any CPU.ActiveCfg = Debug|Any CPU
		{5B50A4F9-FAF4-403D-8A60-29E3F6851613}.Debug|Any CPU.Build.0 = Debug|Any CPU
		{5B50A4F9-FAF4-403D-8A60-29E3F6851613}.Release|Any CPU.ActiveCfg = Release|Any CPU
		{5B50A4F9-FAF4-403D-8A60-29E3F6851613}.Release|Any CPU.Build.0 = Release|Any CPU
	EndGlobalSection
	GlobalSection(SolutionProperties) = preSolution
		HideSolutionNode = FALSE
	EndGlobalSection
	GlobalSection(NestedProjects) = preSolution
		{4AE324C0-D551-4AD5-B313-6D30E9078E83} = {47651052-1C4B-46E2-A937-E41B8DDEA17C}
		{BC0D2BD3-9684-42DD-BCFF-BE3C4328FA6F} = {4AE324C0-D551-4AD5-B313-6D30E9078E83}
		{69BC3AFF-1736-4626-A32C-2AC9F453C352} = {776DA009-C9D8-422A-BFF9-8940195B25B5}
		{C5A0F233-8947-495D-9EB0-45DA82B56365} = {770859F9-D689-43AF-8C47-E45C0CF820EF}
		{34FA56B4-6295-4F8C-8C2F-563E41237B92} = {F7E67B6A-22F2-4C8A-A79C-C7372D1A7B07}
		{F14B35BF-6BA9-4E84-A842-4EF8A2A96641} = {47651052-1C4B-46E2-A937-E41B8DDEA17C}
		{A99AB484-09BD-4112-B81A-F2E655CD9E8B} = {F14B35BF-6BA9-4E84-A842-4EF8A2A96641}
		{FA89E650-0781-4FE4-85AE-ECB77458F512} = {47651052-1C4B-46E2-A937-E41B8DDEA17C}
		{D52B7F23-EE8B-4EFE-818C-7D024C795661} = {FA89E650-0781-4FE4-85AE-ECB77458F512}
		{F1D7E9EB-DE05-4C85-BF4D-8D9C095C4808} = {47651052-1C4B-46E2-A937-E41B8DDEA17C}
		{5B50A4F9-FAF4-403D-8A60-29E3F6851613} = {F1D7E9EB-DE05-4C85-BF4D-8D9C095C4808}
	EndGlobalSection
	GlobalSection(ExtensibilityGlobals) = postSolution
		SolutionGuid = {F9C27A4D-9820-4498-9717-7A8CEB03C3A9}
	EndGlobalSection
EndGlobal
